{
  "name": "financemanagersys",
  "version": "1.0.0",
  "lockfileVersion": 1,
  "requires": true,
  "dependencies": {
    "require-css": {
      "version": "0.1.10",
      "resolved": "https://registry.npmjs.org/require-css/-/require-css-0.1.10.tgz",
      "integrity": "sha1-8duMbPsq0qOnQJFmzGz5mw0/RQI="
    },
    "requirejs-plugins": {
      "version": "1.0.2",
      "resolved": "https://registry.npmjs.org/requirejs-plugins/-/requirejs-plugins-1.0.2.tgz",
      "integrity": "sha1-aTtVidl/hZhGL8cYJjUyYqr9qDY="
    }
  }
}
